
Microsoft Visual Studio Solution File, Format Version 12.00
# Visual Studio 14
VisualStudioVersion = 14.0.25420.1
MinimumVisualStudioVersion = 10.0.40219.1
Project("{FAE04EC0-301F-11D3-BF4B-00C04F79EFBC}") = "Exercise 1_2_3", "Exercise 1_2_3\Exercise 1_2_3.csproj", "{F52DC78D-CD9B-4806-A2F1-B5DAE23F80C5}"
EndProject
Project("{FAE04EC0-301F-11D3-BF4B-00C04F79EFBC}") = "Excercise 4_5_6", "Excercise 4_5_6\Excercise 4_5_6.csproj", "{00CA635E-BD1F-4550-B65B-C1D2CE7CFB74}"
EndProject
Project("{FAE04EC0-301F-11D3-BF4B-00C04F79EFBC}") = "Assignement 7", "Assignement 7\Assignement 7.csproj", "{7E925A72-AA5B-4035-8C44-F8F1FDF48B26}"
EndProject
Global
	GlobalSection(SolutionConfigurationPlatforms) = preSolution
		Debug|Any CPU = Debug|Any CPU
		Release|Any CPU = Release|Any CPU
	EndGlobalSection
	GlobalSection(ProjectConfigurationPlatforms) = postSolution
		{F52DC78D-CD9B-4806-A2F1-B5DAE23F80C5}.Debug|Any CPU.ActiveCfg = Debug|Any CPU
		{F52DC78D-CD9B-4806-A2F1-B5DAE23F80C5}.Debug|Any CPU.Build.0 = Debug|Any CPU
		{F52DC78D-CD9B-4806-A2F1-B5DAE23F80C5}.Release|Any CPU.ActiveCfg = Release|Any CPU
		{F52DC78D-CD9B-4806-A2F1-B5DAE23F80C5}.Release|Any CPU.Build.0 = Release|Any CPU
		{00CA635E-BD1F-4550-B65B-C1D2CE7CFB74}.Debug|Any CPU.ActiveCfg = Debug|Any CPU
		{00CA635E-BD1F-4550-B65B-C1D2CE7CFB74}.Debug|Any CPU.Build.0 = Debug|Any CPU
		{00CA635E-BD1F-4550-B65B-C1D2CE7CFB74}.Release|Any CPU.ActiveCfg = Release|Any CPU
		{00CA635E-BD1F-4550-B65B-C1D2CE7CFB74}.Release|Any CPU.Build.0 = Release|Any CPU
		{7E925A72-AA5B-4035-8C44-F8F1FDF48B26}.Debug|Any CPU.ActiveCfg = Debug|Any CPU
		{7E925A72-AA5B-4035-8C44-F8F1FDF48B26}.Debug|Any CPU.Build.0 = Debug|Any CPU
		{7E925A72-AA5B-4035-8C44-F8F1FDF48B26}.Release|Any CPU.ActiveCfg = Release|Any CPU
		{7E925A72-AA5B-4035-8C44-F8F1FDF48B26}.Release|Any CPU.Build.0 = Release|Any CPU
	EndGlobalSection
	GlobalSection(SolutionProperties) = preSolution
		HideSolutionNode = FALSE
	EndGlobalSection
EndGlobal
